// !$*UTF8*$!
{
	archiveVersion = 1;
	classes = {
	};
	objectVersion = 46;
	objects = {

/* Begin PBXBuildFile section */
		669DA43C1A7D252600FC9600 /* AppDelegate.swift in Sources */ = {isa = PBXBuildFile; fileRef = 669DA43B1A7D252600FC9600 /* AppDelegate.swift */; };
		669DA43E1A7D252600FC9600 /* ViewController.swift in Sources */ = {isa = PBXBuildFile; fileRef = 669DA43D1A7D252600FC9600 /* ViewController.swift */; };
		669DA4411A7D252600FC9600 /* Main.storyboard in Resources */ = {isa = PBXBuildFile; fileRef = 669DA43F1A7D252600FC9600 /* Main.storyboard */; };
		669DA4431A7D252600FC9600 /* Images.xcassets in Resources */ = {isa = PBXBuildFile; fileRef = 669DA4421A7D252600FC9600 /* Images.xcassets */; };
		669DA4461A7D252600FC9600 /* LaunchScreen.xib in Resources */ = {isa = PBXBuildFile; fileRef = 669DA4441A7D252600FC9600 /* LaunchScreen.xib */; };
		669DA4521A7D252600FC9600 /* SlotMachineTests.swift in Sources */ = {isa = PBXBuildFile; fileRef = 669DA4511A7D252600FC9600 /* SlotMachineTests.swift */; };
/* End PBXBuildFile section */

/* Begin PBXContainerItemProxy section */
		669DA44C1A7D252600FC9600 /* PBXContainerItemProxy */ = {
			isa = PBXContainerItemProxy;
			containerPortal = 669DA42E1A7D252600FC9600 /* Project object */;
			proxyType = 1;
			remoteGlobalIDString = 669DA4351A7D252600FC9600;
			remoteInfo = SlotMachine;
		};
/* End PBXContainerItemProxy section */

/* Begin PBXFileReference section */
		669DA4361A7D252600FC9600 /* SlotMachine.app */ = {isa = PBXFileReference; explicitFileType = wrapper.application; includeInIndex = 0; path = SlotMachine.app; sourceTree = BUILT_PRODUCTS_DIR; };
		669DA43A1A7D252600FC9600 /* Info.plist */ = {isa = PBXFileReference; lastKnownFileType = text.plist.xml; path = Info.plist; sourceTree = "<group>"; };
		669DA43B1A7D252600FC9600 /* AppDelegate.swift */ = {isa = PBXFileReference; lastKnownFileType = sourcecode.swift; path = AppDelegate.swift; sourceTree = "<group>"; };
		669DA43D1A7D252600FC9600 /* ViewController.swift */ = {isa = PBXFileReference; lastKnownFileType = sourcecode.swift; path = ViewController.swift; sourceTree = "<group>"; };
		669DA4401A7D252600FC9600 /* Base */ = {isa = PBXFileReference; lastKnownFileType = file.storyboard; name = Base; path = Base.lproj/Main.storyboard; sourceTree = "<group>"; };
		669DA4421A7D252600FC9600 /* Images.xcassets */ = {isa = PBXFileReference; lastKnownFileType = folder.assetcatalog; path = Images.xcassets; sourceTree = "<group>"; };
		669DA4451A7D252600FC9600 /* Base */ = {isa = PBXFileReference; lastKnownFileType = file.xib; name = Base; path = Base.lproj/LaunchScreen.xib; sourceTree = "<group>"; };
		669DA44B1A7D252600FC9600 /* SlotMachineTests.xctest */ = {isa = PBXFileReference; explicitFileType = wrapper.cfbundle; includeInIndex = 0; path = SlotMachineTests.xctest; sourceTree = BUILT_PRODUCTS_DIR; };
		669DA4501A7D252600FC9600 /* Info.plist */ = {isa = PBXFileReference; lastKnownFileType = text.plist.xml; path = Info.plist; sourceTree = "<group>"; };
		669DA4511A7D252600FC9600 /* SlotMachineTests.swift */ = {isa = PBXFileReference; lastKnownFileType = sourcecode.swift; path = SlotMachineTests.swift; sourceTree = "<group>"; };
/* End PBXFileReference section */

/* Begin PBXFrameworksBuildPhase section */
		669DA4331A7D252600FC9600 /* Frameworks */ = {
			isa = PBXFrameworksBuildPhase;
			buildActionMask = 2147483647;
			files = (
			);
			runOnlyForDeploymentPostprocessing = 0;
		};
		669DA4481A7D252600FC9600 /* Frameworks */ = {
			isa = PBXFrameworksBuildPhase;
			buildActionMask = 2147483647;
			files = (
			);
			runOnlyForDeploymentPostprocessing = 0;
		};
/* End PBXFrameworksBuildPhase section */

/* Begin PBXGroup section */
		669DA42D1A7D252600FC9600 = {
			isa = PBXGroup;
			children = (
				669DA4381A7D252600FC9600 /* SlotMachine */,
				669DA44E1A7D252600FC9600 /* SlotMachineTests */,
				669DA4371A7D252600FC9600 /* Products */,
			);
			sourceTree = "<group>";
		};
		669DA4371A7D252600FC9600 /* Products */ = {
			isa = PBXGroup;
			children = (
				669DA4361A7D252600FC9600 /* SlotMachine.app */,
				669DA44B1A7D252600FC9600 /* SlotMachineTests.xctest */,
			);
			name = Products;
			sourceTree = "<group>";
		};
		669DA4381A7D252600FC9600 /* SlotMachine */ = {
			isa = PBXGroup;
			children = (
				669DA43B1A7D252600FC9600 /* AppDelegate.swift */,
				669DA43D1A7D252600FC9600 /* ViewController.swift */,
				669DA43F1A7D252600FC9600 /* Main.storyboard */,
				669DA4421A7D252600FC9600 /* Images.xcassets */,
				669DA4441A7D252600FC9600 /* LaunchScreen.xib */,
				669DA4391A7D252600FC9600 /* Supporting Files */,
			);
			path = SlotMachine;
			sourceTree = "<group>";
		};
		669DA4391A7D252600FC9600 /* Supporting Files */ = {
			isa = PBXGroup;
			children = (
				669DA43A1A7D252600FC9600 /* Info.plist */,
			);
			name = "Supporting Files";
			sourceTree = "<group>";
		};
		669DA44E1A7D252600FC9600 /* SlotMachineTests */ = {
			isa = PBXGroup;
			children = (
				669DA4511A7D252600FC9600 /* SlotMachineTests.swift */,
				669DA44F1A7D252600FC9600 /* Supporting Files */,
			);
			path = SlotMachineTests;
			sourceTree = "<group>";
		};
		669DA44F1A7D252600FC9600 /* Supporting Files */ = {
			isa = PBXGroup;
			children = (
				669DA4501A7D252600FC9600 /* Info.plist */,
			);
			name = "Supporting Files";
			sourceTree = "<group>";
		};
/* End PBXGroup section */

/* Begin PBXNativeTarget section */
		669DA4351A7D252600FC9600 /* SlotMachine */ = {
			isa = PBXNativeTarget;
			buildConfigurationList = 669DA4551A7D252600FC9600 /* Build configuration list for PBXNativeTarget "SlotMachine" */;
			buildPhases = (
				669DA4321A7D252600FC9600 /* Sources */,
				669DA4331A7D252600FC9600 /* Frameworks */,
				669DA4341A7D252600FC9600 /* Resources */,
			);
			buildRules = (
			);
			dependencies = (
			);
			name = SlotMachine;
			productName = SlotMachine;
			productReference = 669DA4361A7D252600FC9600 /* SlotMachine.app */;
			productType = "com.apple.product-type.application";
		};
		669DA44A1A7D252600FC9600 /* SlotMachineTests */ = {
			isa = PBXNativeTarget;
			buildConfigurationList = 669DA4581A7D252600FC9600 /* Build configuration list for PBXNativeTarget "SlotMachineTests" */;
			buildPhases = (
				669DA4471A7D252600FC9600 /* Sources */,
				669DA4481A7D252600FC9600 /* Frameworks */,
				669DA4491A7D252600FC9600 /* Resources */,
			);
			buildRules = (
			);
			dependencies = (
				669DA44D1A7D252600FC9600 /* PBXTargetDependency */,
			);
			name = SlotMachineTests;
			productName = SlotMachineTests;
			productReference = 669DA44B1A7D252600FC9600 /* SlotMachineTests.xctest */;
			productType = "com.apple.product-type.bundle.unit-test";
		};
/* End PBXNativeTarget section */

/* Begin PBXProject section */
		669DA42E1A7D252600FC9600 /* Project object */ = {
			isa = PBXProject;
			attributes = {
				LastUpgradeCheck = 0610;
				ORGANIZATIONNAME = "Adam Marx";
				TargetAttributes = {
					669DA4351A7D252600FC9600 = {
						CreatedOnToolsVersion = 6.1.1;
					};
					669DA44A1A7D252600FC9600 = {
						CreatedOnToolsVersion = 6.1.1;
						TestTargetID = 669DA4351A7D252600FC9600;
					};
				};
			};
			buildConfigurationList = 669DA4311A7D252600FC9600 /* Build configuration list for PBXProject "SlotMachine" */;
			compatibilityVersion = "Xcode 3.2";
			developmentRegion = English;
			hasScannedForEncodings = 0;
			knownRegions = (
				en,
				Base,
			);
			mainGroup = 669DA42D1A7D252600FC9600;
			productRefGroup = 669DA4371A7D252600FC9600 /* Products */;
			projectDirPath = "";
			projectRoot = "";
			targets = (
				669DA4351A7D252600FC9600 /* SlotMachine */,
				669DA44A1A7D252600FC9600 /* SlotMachineTests */,
			);
		};
/* End PBXProject section */

/* Begin PBXResourcesBuildPhase section */
		669DA4341A7D252600FC9600 /* Resources */ = {
			isa = PBXResourcesBuildPhase;
			buildActionMask = 2147483647;
			files = (
				669DA4411A7D252600FC9600 /* Main.storyboard in Resources */,
				669DA4461A7D252600FC9600 /* LaunchScreen.xib in Resources */,
				669DA4431A7D252600FC9600 /* Images.xcassets in Resources */,
			);
			runOnlyForDeploymentPostprocessing = 0;
		};
		669DA4491A7D252600FC9600 /* Resources */ = {
			isa = PBXResourcesBuildPhase;
			buildActionMask = 2147483647;
			files = (
			);
			runOnlyForDeploymentPostprocessing = 0;
		};
/* End PBXResourcesBuildPhase section */

/* Begin PBXSourcesBuildPhase section */
		669DA4321A7D252600FC9600 /* Sources */ = {
			isa = PBXSourcesBuildPhase;
			buildActionMask = 2147483647;
			files = (
				669DA43E1A7D252600FC9600 /* ViewController.swift in Sources */,
				669DA43C1A7D252600FC9600 /* AppDelegate.swift in Sources */,
			);
			runOnlyForDeploymentPostprocessing = 0;
		};
		669DA4471A7D252600FC9600 /* Sources */ = {
			isa = PBXSourcesBuildPhase;
			buildActionMask = 2147483647;
			files = (
				669DA4521A7D252600FC9600 /* SlotMachineTests.swift in Sources */,
			);
			runOnlyForDeploymentPostprocessing = 0;
		};
/* End PBXSourcesBuildPhase section */

/* Begin PBXTargetDependency section */
		669DA44D1A7D252600FC9600 /* PBXTargetDependency */ = {
			isa = PBXTargetDependency;
			target = 669DA4351A7D252600FC9600 /* SlotMachine */;
			targetProxy = 669DA44C1A7D252600FC9600 /* PBXContainerItemProxy */;
		};
/* End PBXTargetDependency section */

/* Begin PBXVariantGroup section */
		669DA43F1A7D252600FC9600 /* Main.storyboard */ = {
			isa = PBXVariantGroup;
			children = (
				669DA4401A7D252600FC9600 /* Base */,
			);
			name = Main.storyboard;
			sourceTree = "<group>";
		};
		669DA4441A7D252600FC9600 /* LaunchScreen.xib */ = {
			isa = PBXVariantGroup;
			children = (
				669DA4451A7D252600FC9600 /* Base */,
			);
			name = LaunchScreen.xib;
			sourceTree = "<group>";
		};
/* End PBXVariantGroup section */

/* Begin XCBuildConfiguration section */
		669DA4531A7D252600FC9600 /* Debug */ = {
			isa = XCBuildConfiguration;
			buildSettings = {
				ALWAYS_SEARCH_USER_PATHS = NO;
				CLANG_CXX_LANGUAGE_STANDARD = "gnu++0x";
				CLANG_CXX_LIBRARY = "libc++";
				CLANG_ENABLE_MODULES = YES;
				CLANG_ENABLE_OBJC_ARC = YES;
				CLANG_WARN_BOOL_CONVERSION = YES;
				CLANG_WARN_CONSTANT_CONVERSION = YES;
				CLANG_WARN_DIRECT_OBJC_ISA_USAGE = YES_ERROR;
				CLANG_WARN_EMPTY_BODY = YES;
				CLANG_WARN_ENUM_CONVERSION = YES;
				CLANG_WARN_INT_CONVERSION = YES;
				CLANG_WARN_OBJC_ROOT_CLASS = YES_ERROR;
				CLANG_WARN_UNREACHABLE_CODE = YES;
				CLANG_WARN__DUPLICATE_METHOD_MATCH = YES;
				"CODE_SIGN_IDENTITY[sdk=iphoneos*]" = "iPhone Developer";
				COPY_PHASE_STRIP = NO;
				ENABLE_STRICT_OBJC_MSGSEND = YES;
				GCC_C_LANGUAGE_STANDARD = gnu99;
				GCC_DYNAMIC_NO_PIC = NO;
				GCC_OPTIMIZATION_LEVEL = 0;
				GCC_PREPROCESSOR_DEFINITIONS = (
					"DEBUG=1",
					"$(inherited)",
				);
				GCC_SYMBOLS_PRIVATE_EXTERN = NO;
				GCC_WARN_64_TO_32_BIT_CONVERSION = YES;
				GCC_WARN_ABOUT_RETURN_TYPE = YES_ERROR;
				GCC_WARN_UNDECLARED_SELECTOR = YES;
				GCC_WARN_UNINITIALIZED_AUTOS = YES_AGGRESSIVE;
				GCC_WARN_UNUSED_FUNCTION = YES;
				GCC_WARN_UNUSED_VARIABLE = YES;
				IPHONEOS_DEPLOYMENT_TARGET = 8.1;
				MTL_ENABLE_DEBUG_INFO = YES;
				ONLY_ACTIVE_ARCH = YES;
				SDKROOT = iphoneos;
				SWIFT_OPTIMIZATION_LEVEL = "-Onone";
				TARGETED_DEVICE_FAMILY = "1,2";
			};
			name = Debug;
		};
		669DA4541A7D252600FC9600 /* Release */ = {
			isa = XCBuildConfiguration;
			buildSettings = {
				ALWAYS_SEARCH_USER_PATHS = NO;
				CLANG_CXX_LANGUAGE_STANDARD = "gnu++0x";
				CLANG_CXX_LIBRARY = "libc++";
				CLANG_ENABLE_MODULES = YES;
				CLANG_ENABLE_OBJC_ARC = YES;
				CLANG_WARN_BOOL_CONVERSION = YES;
				CLANG_WARN_CONSTANT_CONVERSION = YES;
				CLANG_WARN_DIRECT_OBJC_ISA_USAGE = YES_ERROR;
				CLANG_WARN_EMPTY_BODY = YES;
				CLANG_WARN_ENUM_CONVERSION = YES;
				CLANG_WARN_INT_CONVERSION = YES;
				CLANG_WARN_OBJC_ROOT_CLASS = YES_ERROR;
				CLANG_WARN_UNREACHABLE_CODE = YES;
				CLANG_WARN__DUPLICATE_METHOD_MATCH = YES;
				"CODE_SIGN_IDENTITY[sdk=iphoneos*]" = "iPhone Developer";
				COPY_PHASE_STRIP = YES;
				ENABLE_NS_ASSERTIONS = NO;
				ENABLE_STRICT_OBJC_MSGSEND = YES;
				GCC_C_LANGUAGE_STANDARD = gnu99;
				GCC_WARN_64_TO_32_BIT_CONVERSION = YES;
				GCC_WARN_ABOUT_RETURN_TYPE = YES_ERROR;
				GCC_WARN_UNDECLARED_SELECTOR = YES;
				GCC_WARN_UNINITIALIZED_AUTOS = YES_AGGRESSIVE;
				GCC_WARN_UNUSED_FUNCTION = YES;
				GCC_WARN_UNUSED_VARIABLE = YES;
				IPHONEOS_DEPLOYMENT_TARGET = 8.1;
				MTL_ENABLE_DEBUG_INFO = NO;
				SDKROOT = iphoneos;
				TARGETED_DEVICE_FAMILY = "1,2";
				VALIDATE_PRODUCT = YES;
			};
			name = Release;
		};
		669DA4561A7D252600FC9600 /* Debug */ = {
			isa = XCBuildConfiguration;
			buildSettings = {
				ASSETCATALOG_COMPILER_APPICON_NAME = AppIcon;
				INFOPLIST_FILE = SlotMachine/Info.plist;
				LD_RUNPATH_SEARCH_PATHS = "$(inherited) @executable_path/Frameworks";
				PRODUCT_NAME = "$(TARGET_NAME)";
			};
			name = Debug;
		};
		669DA4571A7D252600FC9600 /* Release */ = {
			isa = XCBuildConfiguration;
			buildSettings = {
				ASSETCATALOG_COMPILER_APPICON_NAME = AppIcon;
				INFOPLIST_FILE = SlotMachine/Info.plist;
				LD_RUNPATH_SEARCH_PATHS = "$(inherited) @executable_path/Frameworks";
				PRODUCT_NAME = "$(TARGET_NAME)";
			};
			name = Release;
		};
		669DA4591A7D252600FC9600 /* Debug */ = {
			isa = XCBuildConfiguration;
			buildSettings = {
				BUNDLE_LOADER = "$(TEST_HOST)";
				FRAMEWORK_SEARCH_PATHS = (
					"$(SDKROOT)/Developer/Library/Frameworks",
					"$(inherited)",
				);
				GCC_PREPROCESSOR_DEFINITIONS = (
					"DEBUG=1",
					"$(inherited)",
				);
				INFOPLIST_FILE = SlotMachineTests/Info.plist;
				LD_RUNPATH_SEARCH_PATHS = "$(inherited) @executable_path/Frameworks @loader_path/Frameworks";
				PRODUCT_NAME = "$(TARGET_NAME)";
				TEST_HOST = "$(BUILT_PRODUCTS_DIR)/SlotMachine.app/SlotMachine";
			};
			name = Debug;
		};
		669DA45A1A7D252600FC9600 /* Release */ = {
			isa = XCBuildConfiguration;
			buildSettings = {
				BUNDLE_LOADER = "$(TEST_HOST)";
				FRAMEWORK_SEARCH_PATHS = (
					"$(SDKROOT)/Developer/Library/Frameworks",
					"$(inherited)",
				);
				INFOPLIST_FILE = SlotMachineTests/Info.plist;
				LD_RUNPATH_SEARCH_PATHS = "$(inherited) @executable_path/Frameworks @loader_path/Frameworks";
				PRODUCT_NAME = "$(TARGET_NAME)";
				TEST_HOST = "$(BUILT_PRODUCTS_DIR)/SlotMachine.app/SlotMachine";
			};
			name = Release;
		};
/* End XCBuildConfiguration section */

/* Begin XCConfigurationList section */
		669DA4311A7D252600FC9600 /* Build configuration list for PBXProject "SlotMachine" */ = {
			isa = XCConfigurationList;
			buildConfigurations = (
				669DA4531A7D252600FC9600 /* Debug */,
				669DA4541A7D252600FC9600 /* Release */,
			);
			defaultConfigurationIsVisible = 0;
			defaultConfigurationName = Release;
		};
		669DA4551A7D252600FC9600 /* Build configuration list for PBXNativeTarget "SlotMachine" */ = {
			isa = XCConfigurationList;
			buildConfigurations = (
				669DA4561A7D252600FC9600 /* Debug */,
				669DA4571A7D252600FC9600 /* Release */,
			);
			defaultConfigurationIsVisible = 0;
		};
		669DA4581A7D252600FC9600 /* Build configuration list for PBXNativeTarget "SlotMachineTests" */ = {
			isa = XCConfigurationList;
			buildConfigurations = (
				669DA4591A7D252600FC9600 /* Debug */,
				669DA45A1A7D252600FC9600 /* Release */,
			);
			defaultConfigurationIsVisible = 0;
		};
/* End XCConfigurationList section */
	};
	rootObject = 669DA42E1A7D252600FC9600 /* Project object */;
}
